// !$*UTF8*$!
{
	archiveVersion = 1;
	classes = {
	};
	objectVersion = 50;
	objects = {

/* Begin PBXBuildFile section */
		6E847BDE22C669A5000D8C50 /* donnees.swift in Sources */ = {isa = PBXBuildFile; fileRef = 6E847BDD22C669A5000D8C50 /* donnees.swift */; };
		D55932DF22C617E200B7208C /* AppDelegate.swift in Sources */ = {isa = PBXBuildFile; fileRef = D55932DE22C617E200B7208C /* AppDelegate.swift */; };
		D55932E122C617E200B7208C /* ViewController.swift in Sources */ = {isa = PBXBuildFile; fileRef = D55932E022C617E200B7208C /* ViewController.swift */; };
		D55932E422C617E200B7208C /* Main.storyboard in Resources */ = {isa = PBXBuildFile; fileRef = D55932E222C617E200B7208C /* Main.storyboard */; };
		D55932E622C617E300B7208C /* Assets.xcassets in Resources */ = {isa = PBXBuildFile; fileRef = D55932E522C617E300B7208C /* Assets.xcassets */; };
		D55932E922C617E300B7208C /* LaunchScreen.storyboard in Resources */ = {isa = PBXBuildFile; fileRef = D55932E722C617E300B7208C /* LaunchScreen.storyboard */; };
		FA53E63522C669DB0077B1E3 /* Avis.storyboard in Resources */ = {isa = PBXBuildFile; fileRef = FA53E63422C669DB0077B1E3 /* Avis.storyboard */; };
		FA53E63722C66A140077B1E3 /* Lieu.storyboard in Resources */ = {isa = PBXBuildFile; fileRef = FA53E63622C66A140077B1E3 /* Lieu.storyboard */; };
		FA53E63922C66AE20077B1E3 /* Profil.storyboard in Resources */ = {isa = PBXBuildFile; fileRef = FA53E63822C66AE20077B1E3 /* Profil.storyboard */; };
		FA53E63D22C9FEA80077B1E3 /* Avis.swift in Sources */ = {isa = PBXBuildFile; fileRef = FA53E63C22C9FEA80077B1E3 /* Avis.swift */; };
/* End PBXBuildFile section */

/* Begin PBXFileReference section */
		6E847BDD22C669A5000D8C50 /* donnees.swift */ = {isa = PBXFileReference; lastKnownFileType = sourcecode.swift; path = donnees.swift; sourceTree = "<group>"; };
		D55932DB22C617E200B7208C /* Entraide.app */ = {isa = PBXFileReference; explicitFileType = wrapper.application; includeInIndex = 0; path = Entraide.app; sourceTree = BUILT_PRODUCTS_DIR; };
		D55932DE22C617E200B7208C /* AppDelegate.swift */ = {isa = PBXFileReference; lastKnownFileType = sourcecode.swift; path = AppDelegate.swift; sourceTree = "<group>"; };
		D55932E022C617E200B7208C /* ViewController.swift */ = {isa = PBXFileReference; lastKnownFileType = sourcecode.swift; path = ViewController.swift; sourceTree = "<group>"; };
		D55932E322C617E200B7208C /* Base */ = {isa = PBXFileReference; lastKnownFileType = file.storyboard; name = Base; path = Base.lproj/Main.storyboard; sourceTree = "<group>"; };
		D55932E522C617E300B7208C /* Assets.xcassets */ = {isa = PBXFileReference; lastKnownFileType = folder.assetcatalog; path = Assets.xcassets; sourceTree = "<group>"; };
		D55932E822C617E300B7208C /* Base */ = {isa = PBXFileReference; lastKnownFileType = file.storyboard; name = Base; path = Base.lproj/LaunchScreen.storyboard; sourceTree = "<group>"; };
		D55932EA22C617E300B7208C /* Info.plist */ = {isa = PBXFileReference; lastKnownFileType = text.plist.xml; path = Info.plist; sourceTree = "<group>"; };
		FA53E63422C669DB0077B1E3 /* Avis.storyboard */ = {isa = PBXFileReference; lastKnownFileType = file.storyboard; path = Avis.storyboard; sourceTree = "<group>"; };
		FA53E63622C66A140077B1E3 /* Lieu.storyboard */ = {isa = PBXFileReference; lastKnownFileType = file.storyboard; path = Lieu.storyboard; sourceTree = "<group>"; };
		FA53E63822C66AE20077B1E3 /* Profil.storyboard */ = {isa = PBXFileReference; lastKnownFileType = file.storyboard; path = Profil.storyboard; sourceTree = "<group>"; };
		FA53E63C22C9FEA80077B1E3 /* Avis.swift */ = {isa = PBXFileReference; lastKnownFileType = sourcecode.swift; path = Avis.swift; sourceTree = "<group>"; };
/* End PBXFileReference section */

/* Begin PBXFrameworksBuildPhase section */
		D55932D822C617E200B7208C /* Frameworks */ = {
			isa = PBXFrameworksBuildPhase;
			buildActionMask = 2147483647;
			files = (
			);
			runOnlyForDeploymentPostprocessing = 0;
		};
/* End PBXFrameworksBuildPhase section */

/* Begin PBXGroup section */
		6E847BDA22C61D7A000D8C50 /* Vues */ = {
			isa = PBXGroup;
			children = (
				D55932E222C617E200B7208C /* Main.storyboard */,
				FA53E63622C66A140077B1E3 /* Lieu.storyboard */,
				FA53E63422C669DB0077B1E3 /* Avis.storyboard */,
				FA53E63822C66AE20077B1E3 /* Profil.storyboard */,
			);
			path = Vues;
			sourceTree = "<group>";
		};
		6E847BDB22C61DAB000D8C50 /* Modele */ = {
			isa = PBXGroup;
			children = (
				FA53E63C22C9FEA80077B1E3 /* Avis.swift */,
			);
			path = Modele;
			sourceTree = "<group>";
		};
		6E847BDC22C61DC5000D8C50 /* Control */ = {
			isa = PBXGroup;
			children = (
				D55932E022C617E200B7208C /* ViewController.swift */,
			);
			path = Control;
			sourceTree = "<group>";
		};
		D55932D222C617E200B7208C = {
			isa = PBXGroup;
			children = (
				D55932DE22C617E200B7208C /* AppDelegate.swift */,
				6E847BDD22C669A5000D8C50 /* donnees.swift */,
				D55932DD22C617E200B7208C /* Entraide */,
				D55932DC22C617E200B7208C /* Products */,
			);
			sourceTree = "<group>";
		};
		D55932DC22C617E200B7208C /* Products */ = {
			isa = PBXGroup;
			children = (
				D55932DB22C617E200B7208C /* Entraide.app */,
			);
			name = Products;
			sourceTree = "<group>";
		};
		D55932DD22C617E200B7208C /* Entraide */ = {
			isa = PBXGroup;
			children = (
				6E847BDC22C61DC5000D8C50 /* Control */,
				6E847BDA22C61D7A000D8C50 /* Vues */,
				6E847BDB22C61DAB000D8C50 /* Modele */,
				D55932E522C617E300B7208C /* Assets.xcassets */,
				D55932E722C617E300B7208C /* LaunchScreen.storyboard */,
				D55932EA22C617E300B7208C /* Info.plist */,
			);
			path = Entraide;
			sourceTree = "<group>";
		};
/* End PBXGroup section */

/* Begin PBXNativeTarget section */
		D55932DA22C617E200B7208C /* Entraide */ = {
			isa = PBXNativeTarget;
			buildConfigurationList = D55932ED22C617E300B7208C /* Build configuration list for PBXNativeTarget "Entraide" */;
			buildPhases = (
				D55932D722C617E200B7208C /* Sources */,
				D55932D822C617E200B7208C /* Frameworks */,
				D55932D922C617E200B7208C /* Resources */,
			);
			buildRules = (
			);
			dependencies = (
			);
			name = Entraide;
			productName = Entraide;
			productReference = D55932DB22C617E200B7208C /* Entraide.app */;
			productType = "com.apple.product-type.application";
		};
/* End PBXNativeTarget section */

/* Begin PBXProject section */
		D55932D322C617E200B7208C /* Project object */ = {
			isa = PBXProject;
			attributes = {
				LastSwiftUpdateCheck = 1020;
				LastUpgradeCheck = 1020;
				ORGANIZATIONNAME = "Sofyane Oulefki";
				TargetAttributes = {
					D55932DA22C617E200B7208C = {
						CreatedOnToolsVersion = 10.2.1;
					};
				};
			};
			buildConfigurationList = D55932D622C617E200B7208C /* Build configuration list for PBXProject "Entraide" */;
			compatibilityVersion = "Xcode 9.3";
			developmentRegion = en;
			hasScannedForEncodings = 0;
			knownRegions = (
				en,
				Base,
			);
			mainGroup = D55932D222C617E200B7208C;
			productRefGroup = D55932DC22C617E200B7208C /* Products */;
			projectDirPath = "";
			projectRoot = "";
			targets = (
				D55932DA22C617E200B7208C /* Entraide */,
			);
		};
/* End PBXProject section */

/* Begin PBXResourcesBuildPhase section */
		D55932D922C617E200B7208C /* Resources */ = {
			isa = PBXResourcesBuildPhase;
			buildActionMask = 2147483647;
			files = (
				D55932E922C617E300B7208C /* LaunchScreen.storyboard in Resources */,
				FA53E63722C66A140077B1E3 /* Lieu.storyboard in Resources */,
				FA53E63922C66AE20077B1E3 /* Profil.storyboard in Resources */,
				FA53E63522C669DB0077B1E3 /* Avis.storyboard in Resources */,
				D55932E622C617E300B7208C /* Assets.xcassets in Resources */,
				D55932E422C617E200B7208C /* Main.storyboard in Resources */,
			);
			runOnlyForDeploymentPostprocessing = 0;
		};
/* End PBXResourcesBuildPhase section */

/* Begin PBXSourcesBuildPhase section */
		D55932D722C617E200B7208C /* Sources */ = {
			isa = PBXSourcesBuildPhase;
			buildActionMask = 2147483647;
			files = (
				FA53E63D22C9FEA80077B1E3 /* Avis.swift in Sources */,
				6E847BDE22C669A5000D8C50 /* donnees.swift in Sources */,
				D55932E122C617E200B7208C /* ViewController.swift in Sources */,
				D55932DF22C617E200B7208C /* AppDelegate.swift in Sources */,
			);
			runOnlyForDeploymentPostprocessing = 0;
		};
/* End PBXSourcesBuildPhase section */

/* Begin PBXVariantGroup section */
		D55932E222C617E200B7208C /* Main.storyboard */ = {
			isa = PBXVariantGroup;
			children = (
				D55932E322C617E200B7208C /* Base */,
			);
			name = Main.storyboard;
			sourceTree = "<group>";
		};
		D55932E722C617E300B7208C /* LaunchScreen.storyboard */ = {
			isa = PBXVariantGroup;
			children = (
				D55932E822C617E300B7208C /* Base */,
			);
			name = LaunchScreen.storyboard;
			sourceTree = "<group>";
		};
/* End PBXVariantGroup section */

/* Begin XCBuildConfiguration section */
		D55932EB22C617E300B7208C /* Debug */ = {
			isa = XCBuildConfiguration;
			buildSettings = {
				ALWAYS_SEARCH_USER_PATHS = NO;
				CLANG_ANALYZER_NONNULL = YES;
				CLANG_ANALYZER_NUMBER_OBJECT_CONVERSION = YES_AGGRESSIVE;
				CLANG_CXX_LANGUAGE_STANDARD = "gnu++14";
				CLANG_CXX_LIBRARY = "libc++";
				CLANG_ENABLE_MODULES = YES;
				CLANG_ENABLE_OBJC_ARC = YES;
				CLANG_ENABLE_OBJC_WEAK = YES;
				CLANG_WARN_BLOCK_CAPTURE_AUTORELEASING = YES;
				CLANG_WARN_BOOL_CONVERSION = YES;
				CLANG_WARN_COMMA = YES;
				CLANG_WARN_CONSTANT_CONVERSION = YES;
				CLANG_WARN_DEPRECATED_OBJC_IMPLEMENTATIONS = YES;
				CLANG_WARN_DIRECT_OBJC_ISA_USAGE = YES_ERROR;
				CLANG_WARN_DOCUMENTATION_COMMENTS = YES;
				CLANG_WARN_EMPTY_BODY = YES;
				CLANG_WARN_ENUM_CONVERSION = YES;
				CLANG_WARN_INFINITE_RECURSION = YES;
				CLANG_WARN_INT_CONVERSION = YES;
				CLANG_WARN_NON_LITERAL_NULL_CONVERSION = YES;
				CLANG_WARN_OBJC_IMPLICIT_RETAIN_SELF = YES;
				CLANG_WARN_OBJC_LITERAL_CONVERSION = YES;
				CLANG_WARN_OBJC_ROOT_CLASS = YES_ERROR;
				CLANG_WARN_RANGE_LOOP_ANALYSIS = YES;
				CLANG_WARN_STRICT_PROTOTYPES = YES;
				CLANG_WARN_SUSPICIOUS_MOVE = YES;
				CLANG_WARN_UNGUARDED_AVAILABILITY = YES_AGGRESSIVE;
				CLANG_WARN_UNREACHABLE_CODE = YES;
				CLANG_WARN__DUPLICATE_METHOD_MATCH = YES;
				CODE_SIGN_IDENTITY = "iPhone Developer";
				COPY_PHASE_STRIP = NO;
				DEBUG_INFORMATION_FORMAT = dwarf;
				ENABLE_STRICT_OBJC_MSGSEND = YES;
				ENABLE_TESTABILITY = YES;
				GCC_C_LANGUAGE_STANDARD = gnu11;
				GCC_DYNAMIC_NO_PIC = NO;
				GCC_NO_COMMON_BLOCKS = YES;
				GCC_OPTIMIZATION_LEVEL = 0;
				GCC_PREPROCESSOR_DEFINITIONS = (
					"DEBUG=1",
					"$(inherited)",
				);
				GCC_WARN_64_TO_32_BIT_CONVERSION = YES;
				GCC_WARN_ABOUT_RETURN_TYPE = YES_ERROR;
				GCC_WARN_UNDECLARED_SELECTOR = YES;
				GCC_WARN_UNINITIALIZED_AUTOS = YES_AGGRESSIVE;
				GCC_WARN_UNUSED_FUNCTION = YES;
				GCC_WARN_UNUSED_VARIABLE = YES;
				IPHONEOS_DEPLOYMENT_TARGET = 12.2;
				MTL_ENABLE_DEBUG_INFO = INCLUDE_SOURCE;
				MTL_FAST_MATH = YES;
				ONLY_ACTIVE_ARCH = YES;
				SDKROOT = iphoneos;
				SWIFT_ACTIVE_COMPILATION_CONDITIONS = DEBUG;
				SWIFT_OPTIMIZATION_LEVEL = "-Onone";
			};
			name = Debug;
		};
		D55932EC22C617E300B7208C /* Release */ = {
			isa = XCBuildConfiguration;
			buildSettings = {
				ALWAYS_SEARCH_USER_PATHS = NO;
				CLANG_ANALYZER_NONNULL = YES;
				CLANG_ANALYZER_NUMBER_OBJECT_CONVERSION = YES_AGGRESSIVE;
				CLANG_CXX_LANGUAGE_STANDARD = "gnu++14";
				CLANG_CXX_LIBRARY = "libc++";
				CLANG_ENABLE_MODULES = YES;
				CLANG_ENABLE_OBJC_ARC = YES;
				CLANG_ENABLE_OBJC_WEAK = YES;
				CLANG_WARN_BLOCK_CAPTURE_AUTORELEASING = YES;
				CLANG_WARN_BOOL_CONVERSION = YES;
				CLANG_WARN_COMMA = YES;
				CLANG_WARN_CONSTANT_CONVERSION = YES;
				CLANG_WARN_DEPRECATED_OBJC_IMPLEMENTATIONS = YES;
				CLANG_WARN_DIRECT_OBJC_ISA_USAGE = YES_ERROR;
				CLANG_WARN_DOCUMENTATION_COMMENTS = YES;
				CLANG_WARN_EMPTY_BODY = YES;
				CLANG_WARN_ENUM_CONVERSION = YES;
				CLANG_WARN_INFINITE_RECURSION = YES;
				CLANG_WARN_INT_CONVERSION = YES;
				CLANG_WARN_NON_LITERAL_NULL_CONVERSION = YES;
				CLANG_WARN_OBJC_IMPLICIT_RETAIN_SELF = YES;
				CLANG_WARN_OBJC_LITERAL_CONVERSION = YES;
				CLANG_WARN_OBJC_ROOT_CLASS = YES_ERROR;
				CLANG_WARN_RANGE_LOOP_ANALYSIS = YES;
				CLANG_WARN_STRICT_PROTOTYPES = YES;
				CLANG_WARN_SUSPICIOUS_MOVE = YES;
				CLANG_WARN_UNGUARDED_AVAILABILITY = YES_AGGRESSIVE;
				CLANG_WARN_UNREACHABLE_CODE = YES;
				CLANG_WARN__DUPLICATE_METHOD_MATCH = YES;
				CODE_SIGN_IDENTITY = "iPhone Developer";
				COPY_PHASE_STRIP = NO;
				DEBUG_INFORMATION_FORMAT = "dwarf-with-dsym";
				ENABLE_NS_ASSERTIONS = NO;
				ENABLE_STRICT_OBJC_MSGSEND = YES;
				GCC_C_LANGUAGE_STANDARD = gnu11;
				GCC_NO_COMMON_BLOCKS = YES;
				GCC_WARN_64_TO_32_BIT_CONVERSION = YES;
				GCC_WARN_ABOUT_RETURN_TYPE = YES_ERROR;
				GCC_WARN_UNDECLARED_SELECTOR = YES;
				GCC_WARN_UNINITIALIZED_AUTOS = YES_AGGRESSIVE;
				GCC_WARN_UNUSED_FUNCTION = YES;
				GCC_WARN_UNUSED_VARIABLE = YES;
				IPHONEOS_DEPLOYMENT_TARGET = 12.2;
				MTL_ENABLE_DEBUG_INFO = NO;
				MTL_FAST_MATH = YES;
				SDKROOT = iphoneos;
				SWIFT_COMPILATION_MODE = wholemodule;
				SWIFT_OPTIMIZATION_LEVEL = "-O";
				VALIDATE_PRODUCT = YES;
			};
			name = Release;
		};
		D55932EE22C617E300B7208C /* Debug */ = {
			isa = XCBuildConfiguration;
			buildSettings = {
				ASSETCATALOG_COMPILER_APPICON_NAME = AppIcon;
				CODE_SIGN_STYLE = Automatic;
				INFOPLIST_FILE = Entraide/Info.plist;
				LD_RUNPATH_SEARCH_PATHS = (
					"$(inherited)",
					"@executable_path/Frameworks",
				);
				PRODUCT_BUNDLE_IDENTIFIER = com.soulefki.Entraide;
				PRODUCT_NAME = "$(TARGET_NAME)";
				SWIFT_VERSION = 5.0;
				TARGETED_DEVICE_FAMILY = "1,2";
			};
			name = Debug;
		};
		D55932EF22C617E300B7208C /* Release */ = {
			isa = XCBuildConfiguration;
			buildSettings = {
				ASSETCATALOG_COMPILER_APPICON_NAME = AppIcon;
				CODE_SIGN_STYLE = Automatic;
				INFOPLIST_FILE = Entraide/Info.plist;
				LD_RUNPATH_SEARCH_PATHS = (
					"$(inherited)",
					"@executable_path/Frameworks",
				);
				PRODUCT_BUNDLE_IDENTIFIER = com.soulefki.Entraide;
				PRODUCT_NAME = "$(TARGET_NAME)";
				SWIFT_VERSION = 5.0;
				TARGETED_DEVICE_FAMILY = "1,2";
			};
			name = Release;
		};
/* End XCBuildConfiguration section */

/* Begin XCConfigurationList section */
		D55932D622C617E200B7208C /* Build configuration list for PBXProject "Entraide" */ = {
			isa = XCConfigurationList;
			buildConfigurations = (
				D55932EB22C617E300B7208C /* Debug */,
				D55932EC22C617E300B7208C /* Release */,
			);
			defaultConfigurationIsVisible = 0;
			defaultConfigurationName = Release;
		};
		D55932ED22C617E300B7208C /* Build configuration list for PBXNativeTarget "Entraide" */ = {
			isa = XCConfigurationList;
			buildConfigurations = (
				D55932EE22C617E300B7208C /* Debug */,
				D55932EF22C617E300B7208C /* Release */,
			);
			defaultConfigurationIsVisible = 0;
			defaultConfigurationName = Release;
		};
/* End XCConfigurationList section */
	};
	rootObject = D55932D322C617E200B7208C /* Project object */;
}
